<Solution>
  <Folder Name="/deploy/">
    <File Path="docker-compose.yml" />
  </Folder>
  <Folder Name="/src/">
    <Project Path="src/VertexCommerce.Api/VertexCommerce.Api.csproj" />
    <Project Path="src/VertexCommerce.Modules.Basket/VertexCommerce.Modules.Basket.csproj" />
    <Project Path="src/VertexCommerce.Modules.Catalog/VertexCommerce.Modules.Catalog.csproj" />
    <Project Path="src/VertexCommerce.Modules.Customers/VertexCommerce.Modules.Customers.csproj" />
    <Project Path="src/VertexCommerce.Modules.Identity/VertexCommerce.Modules.Identity.csproj" />
    <Project Path="src/VertexCommerce.Modules.Orders/VertexCommerce.Modules.Orders.csproj" />
    <Project Path="src/VertexCommerce.Shared/VertexCommerce.Shared.csproj" />
  </Folder>
  <Folder Name="/tests/">
    <Project Path="tests/VertexCommerce.Integration.Tests/VertexCommerce.Integration.Tests.csproj" />
    <Project Path="tests/VertexCommerce.Modules.Catalog.Tests/VertexCommerce.Modules.Catalog.Tests.csproj" />
    <Project Path="tests/VertexCommerce.Modules.Orders.Tests/VertexCommerce.Modules.Orders.Tests.csproj" />
  </Folder>
</Solution>
